// !$*UTF8*$!
{
	archiveVersion = 1;
	classes = {
	};
	objectVersion = 46;
	objects = {

/* Begin PBXBuildFile section */
		17021EA4AA3544F1A130D83D /* libPods.a in Frameworks */ = {isa = PBXBuildFile; fileRef = 3C1ED920A6F84AFEA31D608F /* libPods.a */; };
		EA701FA21647C99E005DA3E3 /* boom.caf in Resources */ = {isa = PBXBuildFile; fileRef = EA701F9F1647C99E005DA3E3 /* boom.caf */; };
		EA701FA31647C99E005DA3E3 /* hello.caf in Resources */ = {isa = PBXBuildFile; fileRef = EA701FA01647C99E005DA3E3 /* hello.caf */; };
		EA701FA41647C99E005DA3E3 /* rocket.caf in Resources */ = {isa = PBXBuildFile; fileRef = EA701FA11647C99E005DA3E3 /* rocket.caf */; };
		EAADF34116413071006F573C /* UIKit.framework in Frameworks */ = {isa = PBXBuildFile; fileRef = EAADF34016413071006F573C /* UIKit.framework */; };
		EAADF34316413071006F573C /* Foundation.framework in Frameworks */ = {isa = PBXBuildFile; fileRef = EAADF34216413071006F573C /* Foundation.framework */; };
		EAADF34516413071006F573C /* CoreGraphics.framework in Frameworks */ = {isa = PBXBuildFile; fileRef = EAADF34416413071006F573C /* CoreGraphics.framework */; };
		EAADF34B16413071006F573C /* InfoPlist.strings in Resources */ = {isa = PBXBuildFile; fileRef = EAADF34916413071006F573C /* InfoPlist.strings */; };
		EAADF34D16413071006F573C /* main.m in Sources */ = {isa = PBXBuildFile; fileRef = EAADF34C16413071006F573C /* main.m */; };
		EAADF35116413071006F573C /* AppDelegate.m in Sources */ = {isa = PBXBuildFile; fileRef = EAADF35016413071006F573C /* AppDelegate.m */; };
		EAADF35316413071006F573C /* Default.png in Resources */ = {isa = PBXBuildFile; fileRef = EAADF35216413071006F573C /* Default.png */; };
		EAADF35516413071006F573C /* Default@2x.png in Resources */ = {isa = PBXBuildFile; fileRef = EAADF35416413071006F573C /* Default@2x.png */; };
		EAADF35716413071006F573C /* Default-568h@2x.png in Resources */ = {isa = PBXBuildFile; fileRef = EAADF35616413071006F573C /* Default-568h@2x.png */; };
		EAADF35F16413071006F573C /* SenTestingKit.framework in Frameworks */ = {isa = PBXBuildFile; fileRef = EAADF35E16413071006F573C /* SenTestingKit.framework */; };
		EAADF36016413071006F573C /* UIKit.framework in Frameworks */ = {isa = PBXBuildFile; fileRef = EAADF34016413071006F573C /* UIKit.framework */; };
		EAADF36116413071006F573C /* Foundation.framework in Frameworks */ = {isa = PBXBuildFile; fileRef = EAADF34216413071006F573C /* Foundation.framework */; };
		EAADF36916413071006F573C /* InfoPlist.strings in Resources */ = {isa = PBXBuildFile; fileRef = EAADF36716413071006F573C /* InfoPlist.strings */; };
		EAADF36C16413071006F573C /* Hello_WorldTests.m in Sources */ = {isa = PBXBuildFile; fileRef = EAADF36B16413071006F573C /* Hello_WorldTests.m */; };
		EAADF39616413B1C006F573C /* ViewController.m in Sources */ = {isa = PBXBuildFile; fileRef = EAADF39516413B1C006F573C /* ViewController.m */; };
		EAADF3A016413BAC006F573C /* Game.m in Sources */ = {isa = PBXBuildFile; fileRef = EAADF39B16413BAC006F573C /* Game.m */; };
		EAADF3A116413BAC006F573C /* GameController.m in Sources */ = {isa = PBXBuildFile; fileRef = EAADF39D16413BAC006F573C /* GameController.m */; };
		EAADF3A216413BAC006F573C /* Media.m in Sources */ = {isa = PBXBuildFile; fileRef = EAADF39F16413BAC006F573C /* Media.m */; };
		EAADF3A716413BB5006F573C /* SPOverlayView.m in Sources */ = {isa = PBXBuildFile; fileRef = EAADF3A416413BB5006F573C /* SPOverlayView.m */; };
		EAADF3A816413BB5006F573C /* SPResizeEvent.m in Sources */ = {isa = PBXBuildFile; fileRef = EAADF3A616413BB5006F573C /* SPResizeEvent.m */; };
		EAADF3B416414250006F573C /* atlas.png in Resources */ = {isa = PBXBuildFile; fileRef = EAADF3B116414250006F573C /* atlas.png */; };
		EAADF3B516414250006F573C /* atlas.xml in Resources */ = {isa = PBXBuildFile; fileRef = EAADF3B216414250006F573C /* atlas.xml */; };
		EAADF3BA1641425E006F573C /* atlas@2x.png in Resources */ = {isa = PBXBuildFile; fileRef = EAADF3B71641425E006F573C /* atlas@2x.png */; };
		EAADF3BB1641425E006F573C /* atlas@2x.xml in Resources */ = {isa = PBXBuildFile; fileRef = EAADF3B81641425E006F573C /* atlas@2x.xml */; };
		EAADF3C616415F23006F573C /* bg-568.png in Resources */ = {isa = PBXBuildFile; fileRef = EAADF3C416415F23006F573C /* bg-568.png */; };
		EAADF3C716415F23006F573C /* bg.png in Resources */ = {isa = PBXBuildFile; fileRef = EAADF3C516415F23006F573C /* bg.png */; };
		EAADF3CB16415F32006F573C /* bg-568@2x.png in Resources */ = {isa = PBXBuildFile; fileRef = EAADF3C816415F32006F573C /* bg-568@2x.png */; };
		EAADF3CC16415F32006F573C /* bg@2x.png in Resources */ = {isa = PBXBuildFile; fileRef = EAADF3C916415F32006F573C /* bg@2x.png */; };
		EAADF3CF16416117006F573C /* bg@2x~ipad.png in Resources */ = {isa = PBXBuildFile; fileRef = EAADF3CE16416117006F573C /* bg@2x~ipad.png */; };
		EAADF3D316416247006F573C /* UFOSprite.m in Sources */ = {isa = PBXBuildFile; fileRef = EAADF3D216416247006F573C /* UFOSprite.m */; };
		EAADF3DA16416C27006F573C /* BaseSprite.m in Sources */ = {isa = PBXBuildFile; fileRef = EAADF3D916416C27006F573C /* BaseSprite.m */; };
		EAADF3DD16416D64006F573C /* TitleSprite.m in Sources */ = {isa = PBXBuildFile; fileRef = EAADF3DC16416D64006F573C /* TitleSprite.m */; };
		EAADF3E016417807006F573C /* RocketSprite.m in Sources */ = {isa = PBXBuildFile; fileRef = EAADF3DF16417807006F573C /* RocketSprite.m */; };
		EAADF3ED1641B54A006F573C /* SXNSDataExtensions.m in Sources */ = {isa = PBXBuildFile; fileRef = EAADF3EA1641B54A006F573C /* SXNSDataExtensions.m */; settings = {COMPILER_FLAGS = "-fno-objc-arc"; }; };
		EAADF3EE1641B54A006F573C /* SXParticleSystem.m in Sources */ = {isa = PBXBuildFile; fileRef = EAADF3EC1641B54A006F573C /* SXParticleSystem.m */; settings = {COMPILER_FLAGS = "-fno-objc-arc"; }; };
		EAADF3F21641B5FA006F573C /* rocket-explosion.pex in Resources */ = {isa = PBXBuildFile; fileRef = EAADF3F01641B5FA006F573C /* rocket-explosion.pex */; };
		EAADF3F31641B5FA006F573C /* rocket-fire.pex in Resources */ = {isa = PBXBuildFile; fileRef = EAADF3F11641B5FA006F573C /* rocket-fire.pex */; };
		EAADF3F51641D4D6006F573C /* ufo-explosion.pex in Resources */ = {isa = PBXBuildFile; fileRef = EAADF3F41641D4D6006F573C /* ufo-explosion.pex */; };
		EAB706EA1641DB5300882811 /* earth-hit.pex in Resources */ = {isa = PBXBuildFile; fileRef = EAB706E91641DB5300882811 /* earth-hit.pex */; };
		EAB706ED1641FAD100882811 /* stars.pex in Resources */ = {isa = PBXBuildFile; fileRef = EAB706EC1641FAD100882811 /* stars.pex */; };
		EAB706EF1642059000882811 /* icon-72.png in Resources */ = {isa = PBXBuildFile; fileRef = EAB706EE1642059000882811 /* icon-72.png */; };
		EAB706F11642059700882811 /* icon-144.png in Resources */ = {isa = PBXBuildFile; fileRef = EAB706F01642059700882811 /* icon-144.png */; };
		EAB706F31642059E00882811 /* icon-57.png in Resources */ = {isa = PBXBuildFile; fileRef = EAB706F21642059E00882811 /* icon-57.png */; };
		EAB706F5164205A400882811 /* icon-114.png in Resources */ = {isa = PBXBuildFile; fileRef = EAB706F4164205A400882811 /* icon-114.png */; };
/* End PBXBuildFile section */

/* Begin PBXContainerItemProxy section */
		EAADF36216413071006F573C /* PBXContainerItemProxy */ = {
			isa = PBXContainerItemProxy;
			containerPortal = EAADF33316413071006F573C /* Project object */;
			proxyType = 1;
			remoteGlobalIDString = EAADF33B16413071006F573C;
			remoteInfo = "Hello World";
		};
/* End PBXContainerItemProxy section */

/* Begin PBXFileReference section */
		0B14F9ABAAB255E74D3428F3 /* Pods.release.xcconfig */ = {isa = PBXFileReference; includeInIndex = 1; lastKnownFileType = text.xcconfig; name = Pods.release.xcconfig; path = "Pods/Target Support Files/Pods/Pods.release.xcconfig"; sourceTree = "<group>"; };
		3C1ED920A6F84AFEA31D608F /* libPods.a */ = {isa = PBXFileReference; explicitFileType = archive.ar; includeInIndex = 0; path = libPods.a; sourceTree = BUILT_PRODUCTS_DIR; };
		3D47B0AF46102FBB534910DF /* Pods.debug.xcconfig */ = {isa = PBXFileReference; includeInIndex = 1; lastKnownFileType = text.xcconfig; name = Pods.debug.xcconfig; path = "Pods/Target Support Files/Pods/Pods.debug.xcconfig"; sourceTree = "<group>"; };
		EA701F9F1647C99E005DA3E3 /* boom.caf */ = {isa = PBXFileReference; lastKnownFileType = file; name = boom.caf; path = media/audio/boom.caf; sourceTree = "<group>"; };
		EA701FA01647C99E005DA3E3 /* hello.caf */ = {isa = PBXFileReference; lastKnownFileType = file; name = hello.caf; path = media/audio/hello.caf; sourceTree = "<group>"; };
		EA701FA11647C99E005DA3E3 /* rocket.caf */ = {isa = PBXFileReference; lastKnownFileType = file; name = rocket.caf; path = media/audio/rocket.caf; sourceTree = "<group>"; };
		EAADF33C16413071006F573C /* Hello World.app */ = {isa = PBXFileReference; explicitFileType = wrapper.application; includeInIndex = 0; path = "Hello World.app"; sourceTree = BUILT_PRODUCTS_DIR; };
		EAADF34016413071006F573C /* UIKit.framework */ = {isa = PBXFileReference; includeInIndex = 1; lastKnownFileType = wrapper.framework; name = UIKit.framework; path = System/Library/Frameworks/UIKit.framework; sourceTree = SDKROOT; };
		EAADF34216413071006F573C /* Foundation.framework */ = {isa = PBXFileReference; includeInIndex = 1; lastKnownFileType = wrapper.framework; name = Foundation.framework; path = System/Library/Frameworks/Foundation.framework; sourceTree = SDKROOT; };
		EAADF34416413071006F573C /* CoreGraphics.framework */ = {isa = PBXFileReference; includeInIndex = 1; lastKnownFileType = wrapper.framework; name = CoreGraphics.framework; path = System/Library/Frameworks/CoreGraphics.framework; sourceTree = SDKROOT; };
		EAADF34816413071006F573C /* Hello World-Info.plist */ = {isa = PBXFileReference; lastKnownFileType = text.plist.xml; path = "Hello World-Info.plist"; sourceTree = "<group>"; };
		EAADF34A16413071006F573C /* en */ = {isa = PBXFileReference; lastKnownFileType = text.plist.strings; name = en; path = en.lproj/InfoPlist.strings; sourceTree = "<group>"; };
		EAADF34C16413071006F573C /* main.m */ = {isa = PBXFileReference; lastKnownFileType = sourcecode.c.objc; path = main.m; sourceTree = "<group>"; };
		EAADF34E16413071006F573C /* Hello World-Prefix.pch */ = {isa = PBXFileReference; lastKnownFileType = sourcecode.c.h; path = "Hello World-Prefix.pch"; sourceTree = "<group>"; };
		EAADF34F16413071006F573C /* AppDelegate.h */ = {isa = PBXFileReference; lastKnownFileType = sourcecode.c.h; path = AppDelegate.h; sourceTree = "<group>"; };
		EAADF35016413071006F573C /* AppDelegate.m */ = {isa = PBXFileReference; lastKnownFileType = sourcecode.c.objc; path = AppDelegate.m; sourceTree = "<group>"; };
		EAADF35216413071006F573C /* Default.png */ = {isa = PBXFileReference; lastKnownFileType = image.png; name = Default.png; path = "Hello World/Default.png"; sourceTree = "<group>"; };
		EAADF35416413071006F573C /* Default@2x.png */ = {isa = PBXFileReference; lastKnownFileType = image.png; name = "Default@2x.png"; path = "Hello World/Default@2x.png"; sourceTree = "<group>"; };
		EAADF35616413071006F573C /* Default-568h@2x.png */ = {isa = PBXFileReference; lastKnownFileType = image.png; name = "Default-568h@2x.png"; path = "Hello World/Default-568h@2x.png"; sourceTree = "<group>"; };
		EAADF35D16413071006F573C /* Hello WorldTests.octest */ = {isa = PBXFileReference; explicitFileType = wrapper.cfbundle; includeInIndex = 0; path = "Hello WorldTests.octest"; sourceTree = BUILT_PRODUCTS_DIR; };
		EAADF35E16413071006F573C /* SenTestingKit.framework */ = {isa = PBXFileReference; lastKnownFileType = wrapper.framework; name = SenTestingKit.framework; path = Library/Frameworks/SenTestingKit.framework; sourceTree = DEVELOPER_DIR; };
		EAADF36616413071006F573C /* Hello WorldTests-Info.plist */ = {isa = PBXFileReference; lastKnownFileType = text.plist.xml; path = "Hello WorldTests-Info.plist"; sourceTree = "<group>"; };
		EAADF36816413071006F573C /* en */ = {isa = PBXFileReference; lastKnownFileType = text.plist.strings; name = en; path = en.lproj/InfoPlist.strings; sourceTree = "<group>"; };
		EAADF36A16413071006F573C /* Hello_WorldTests.h */ = {isa = PBXFileReference; lastKnownFileType = sourcecode.c.h; path = Hello_WorldTests.h; sourceTree = "<group>"; };
		EAADF36B16413071006F573C /* Hello_WorldTests.m */ = {isa = PBXFileReference; lastKnownFileType = sourcecode.c.objc; path = Hello_WorldTests.m; sourceTree = "<group>"; };
		EAADF39416413B1C006F573C /* ViewController.h */ = {isa = PBXFileReference; fileEncoding = 4; lastKnownFileType = sourcecode.c.h; path = ViewController.h; sourceTree = "<group>"; };
		EAADF39516413B1C006F573C /* ViewController.m */ = {isa = PBXFileReference; fileEncoding = 4; lastKnownFileType = sourcecode.c.objc; path = ViewController.m; sourceTree = "<group>"; };
		EAADF39A16413BAC006F573C /* Game.h */ = {isa = PBXFileReference; fileEncoding = 4; lastKnownFileType = sourcecode.c.h; path = Game.h; sourceTree = "<group>"; };
		EAADF39B16413BAC006F573C /* Game.m */ = {isa = PBXFileReference; fileEncoding = 4; lastKnownFileType = sourcecode.c.objc; path = Game.m; sourceTree = "<group>"; };
		EAADF39C16413BAC006F573C /* GameController.h */ = {isa = PBXFileReference; fileEncoding = 4; lastKnownFileType = sourcecode.c.h; path = GameController.h; sourceTree = "<group>"; };
		EAADF39D16413BAC006F573C /* GameController.m */ = {isa = PBXFileReference; fileEncoding = 4; lastKnownFileType = sourcecode.c.objc; path = GameController.m; sourceTree = "<group>"; };
		EAADF39E16413BAC006F573C /* Media.h */ = {isa = PBXFileReference; fileEncoding = 4; lastKnownFileType = sourcecode.c.h; path = Media.h; sourceTree = "<group>"; };
		EAADF39F16413BAC006F573C /* Media.m */ = {isa = PBXFileReference; fileEncoding = 4; lastKnownFileType = sourcecode.c.objc; path = Media.m; sourceTree = "<group>"; };
		EAADF3A316413BB5006F573C /* SPOverlayView.h */ = {isa = PBXFileReference; fileEncoding = 4; lastKnownFileType = sourcecode.c.h; path = SPOverlayView.h; sourceTree = "<group>"; };
		EAADF3A416413BB5006F573C /* SPOverlayView.m */ = {isa = PBXFileReference; fileEncoding = 4; lastKnownFileType = sourcecode.c.objc; path = SPOverlayView.m; sourceTree = "<group>"; };
		EAADF3A516413BB5006F573C /* SPResizeEvent.h */ = {isa = PBXFileReference; fileEncoding = 4; lastKnownFileType = sourcecode.c.h; path = SPResizeEvent.h; sourceTree = "<group>"; };
		EAADF3A616413BB5006F573C /* SPResizeEvent.m */ = {isa = PBXFileReference; fileEncoding = 4; lastKnownFileType = sourcecode.c.objc; path = SPResizeEvent.m; sourceTree = "<group>"; };
		EAADF3B116414250006F573C /* atlas.png */ = {isa = PBXFileReference; lastKnownFileType = image.png; name = atlas.png; path = media/graphics/1x/atlas.png; sourceTree = "<group>"; };
		EAADF3B216414250006F573C /* atlas.xml */ = {isa = PBXFileReference; fileEncoding = 4; lastKnownFileType = text.xml; name = atlas.xml; path = media/graphics/1x/atlas.xml; sourceTree = "<group>"; };
		EAADF3B71641425E006F573C /* atlas@2x.png */ = {isa = PBXFileReference; lastKnownFileType = image.png; name = "atlas@2x.png"; path = "media/graphics/2x/atlas@2x.png"; sourceTree = "<group>"; };
		EAADF3B81641425E006F573C /* atlas@2x.xml */ = {isa = PBXFileReference; fileEncoding = 4; lastKnownFileType = text.xml; name = "atlas@2x.xml"; path = "media/graphics/2x/atlas@2x.xml"; sourceTree = "<group>"; };
		EAADF3C416415F23006F573C /* bg-568.png */ = {isa = PBXFileReference; lastKnownFileType = image.png; name = "bg-568.png"; path = "media/graphics/1x/bg-568.png"; sourceTree = "<group>"; };
		EAADF3C516415F23006F573C /* bg.png */ = {isa = PBXFileReference; lastKnownFileType = image.png; name = bg.png; path = media/graphics/1x/bg.png; sourceTree = "<group>"; };
		EAADF3C816415F32006F573C /* bg-568@2x.png */ = {isa = PBXFileReference; lastKnownFileType = image.png; name = "bg-568@2x.png"; path = "media/graphics/2x/bg-568@2x.png"; sourceTree = "<group>"; };
		EAADF3C916415F32006F573C /* bg@2x.png */ = {isa = PBXFileReference; lastKnownFileType = image.png; name = "bg@2x.png"; path = "media/graphics/2x/bg@2x.png"; sourceTree = "<group>"; };
		EAADF3CE16416117006F573C /* bg@2x~ipad.png */ = {isa = PBXFileReference; lastKnownFileType = image.png; name = "bg@2x~ipad.png"; path = "media/graphics/2x/bg@2x~ipad.png"; sourceTree = "<group>"; };
		EAADF3D116416247006F573C /* UFOSprite.h */ = {isa = PBXFileReference; fileEncoding = 4; lastKnownFileType = sourcecode.c.h; path = UFOSprite.h; sourceTree = "<group>"; };
		EAADF3D216416247006F573C /* UFOSprite.m */ = {isa = PBXFileReference; fileEncoding = 4; lastKnownFileType = sourcecode.c.objc; path = UFOSprite.m; sourceTree = "<group>"; };
		EAADF3D816416C27006F573C /* BaseSprite.h */ = {isa = PBXFileReference; fileEncoding = 4; lastKnownFileType = sourcecode.c.h; path = BaseSprite.h; sourceTree = "<group>"; };
		EAADF3D916416C27006F573C /* BaseSprite.m */ = {isa = PBXFileReference; fileEncoding = 4; lastKnownFileType = sourcecode.c.objc; path = BaseSprite.m; sourceTree = "<group>"; };
		EAADF3DB16416D64006F573C /* TitleSprite.h */ = {isa = PBXFileReference; fileEncoding = 4; lastKnownFileType = sourcecode.c.h; path = TitleSprite.h; sourceTree = "<group>"; };
		EAADF3DC16416D64006F573C /* TitleSprite.m */ = {isa = PBXFileReference; fileEncoding = 4; lastKnownFileType = sourcecode.c.objc; path = TitleSprite.m; sourceTree = "<group>"; };
		EAADF3DE16417807006F573C /* RocketSprite.h */ = {isa = PBXFileReference; fileEncoding = 4; lastKnownFileType = sourcecode.c.h; path = RocketSprite.h; sourceTree = "<group>"; };
		EAADF3DF16417807006F573C /* RocketSprite.m */ = {isa = PBXFileReference; fileEncoding = 4; lastKnownFileType = sourcecode.c.objc; path = RocketSprite.m; sourceTree = "<group>"; };
		EAADF3E91641B54A006F573C /* SXNSDataExtensions.h */ = {isa = PBXFileReference; fileEncoding = 4; lastKnownFileType = sourcecode.c.h; path = SXNSDataExtensions.h; sourceTree = "<group>"; };
		EAADF3EA1641B54A006F573C /* SXNSDataExtensions.m */ = {isa = PBXFileReference; fileEncoding = 4; lastKnownFileType = sourcecode.c.objc; path = SXNSDataExtensions.m; sourceTree = "<group>"; };
		EAADF3EB1641B54A006F573C /* SXParticleSystem.h */ = {isa = PBXFileReference; fileEncoding = 4; lastKnownFileType = sourcecode.c.h; path = SXParticleSystem.h; sourceTree = "<group>"; };
		EAADF3EC1641B54A006F573C /* SXParticleSystem.m */ = {isa = PBXFileReference; fileEncoding = 4; lastKnownFileType = sourcecode.c.objc; path = SXParticleSystem.m; sourceTree = "<group>"; };
		EAADF3F01641B5FA006F573C /* rocket-explosion.pex */ = {isa = PBXFileReference; fileEncoding = 4; lastKnownFileType = text; path = "rocket-explosion.pex"; sourceTree = "<group>"; };
		EAADF3F11641B5FA006F573C /* rocket-fire.pex */ = {isa = PBXFileReference; fileEncoding = 4; lastKnownFileType = text; path = "rocket-fire.pex"; sourceTree = "<group>"; };
		EAADF3F41641D4D6006F573C /* ufo-explosion.pex */ = {isa = PBXFileReference; fileEncoding = 4; lastKnownFileType = text; path = "ufo-explosion.pex"; sourceTree = "<group>"; };
		EAB706E91641DB5300882811 /* earth-hit.pex */ = {isa = PBXFileReference; fileEncoding = 4; lastKnownFileType = text; path = "earth-hit.pex"; sourceTree = "<group>"; };
		EAB706EC1641FAD100882811 /* stars.pex */ = {isa = PBXFileReference; fileEncoding = 4; lastKnownFileType = text; path = stars.pex; sourceTree = "<group>"; };
		EAB706EE1642059000882811 /* icon-72.png */ = {isa = PBXFileReference; lastKnownFileType = image.png; path = "icon-72.png"; sourceTree = "<group>"; };
		EAB706F01642059700882811 /* icon-144.png */ = {isa = PBXFileReference; lastKnownFileType = image.png; path = "icon-144.png"; sourceTree = "<group>"; };
		EAB706F21642059E00882811 /* icon-57.png */ = {isa = PBXFileReference; lastKnownFileType = image.png; path = "icon-57.png"; sourceTree = "<group>"; };
		EAB706F4164205A400882811 /* icon-114.png */ = {isa = PBXFileReference; lastKnownFileType = image.png; path = "icon-114.png"; sourceTree = "<group>"; };
/* End PBXFileReference section */

/* Begin PBXFrameworksBuildPhase section */
		EAADF33916413071006F573C /* Frameworks */ = {
			isa = PBXFrameworksBuildPhase;
			buildActionMask = 2147483647;
			files = (
				EAADF34116413071006F573C /* UIKit.framework in Frameworks */,
				EAADF34316413071006F573C /* Foundation.framework in Frameworks */,
				EAADF34516413071006F573C /* CoreGraphics.framework in Frameworks */,
				17021EA4AA3544F1A130D83D /* libPods.a in Frameworks */,
			);
			runOnlyForDeploymentPostprocessing = 0;
		};
		EAADF35916413071006F573C /* Frameworks */ = {
			isa = PBXFrameworksBuildPhase;
			buildActionMask = 2147483647;
			files = (
				EAADF35F16413071006F573C /* SenTestingKit.framework in Frameworks */,
				EAADF36016413071006F573C /* UIKit.framework in Frameworks */,
				EAADF36116413071006F573C /* Foundation.framework in Frameworks */,
			);
			runOnlyForDeploymentPostprocessing = 0;
		};
/* End PBXFrameworksBuildPhase section */

/* Begin PBXGroup section */
		5E2B2FDFFBA5CF6A2C9607D7 /* Pods */ = {
			isa = PBXGroup;
			children = (
				3D47B0AF46102FBB534910DF /* Pods.debug.xcconfig */,
				0B14F9ABAAB255E74D3428F3 /* Pods.release.xcconfig */,
			);
			name = Pods;
			sourceTree = "<group>";
		};
		EAADF33116413071006F573C = {
			isa = PBXGroup;
			children = (
				EAADF3A916413F7F006F573C /* Resources */,
				EAADF34616413071006F573C /* Classes */,
				EAADF36416413071006F573C /* Hello WorldTests */,
				EAADF33F16413071006F573C /* Frameworks */,
				EAADF33D16413071006F573C /* Products */,
				5E2B2FDFFBA5CF6A2C9607D7 /* Pods */,
			);
			sourceTree = "<group>";
		};
		EAADF33D16413071006F573C /* Products */ = {
			isa = PBXGroup;
			children = (
				EAADF33C16413071006F573C /* Hello World.app */,
				EAADF35D16413071006F573C /* Hello WorldTests.octest */,
			);
			name = Products;
			sourceTree = "<group>";
		};
		EAADF33F16413071006F573C /* Frameworks */ = {
			isa = PBXGroup;
			children = (
				EAADF34016413071006F573C /* UIKit.framework */,
				EAADF34216413071006F573C /* Foundation.framework */,
				EAADF34416413071006F573C /* CoreGraphics.framework */,
				EAADF35E16413071006F573C /* SenTestingKit.framework */,
				3C1ED920A6F84AFEA31D608F /* libPods.a */,
			);
			name = Frameworks;
			sourceTree = "<group>";
		};
		EAADF34616413071006F573C /* Classes */ = {
			isa = PBXGroup;
			children = (
				EAADF39816413B9B006F573C /* Support */,
				EAADF39916413BA1006F573C /* Game */,
				EAADF34F16413071006F573C /* AppDelegate.h */,
				EAADF35016413071006F573C /* AppDelegate.m */,
				EAADF39416413B1C006F573C /* ViewController.h */,
				EAADF39516413B1C006F573C /* ViewController.m */,
				EAADF34716413071006F573C /* Supporting Files */,
			);
			name = Classes;
			path = "Hello World";
			sourceTree = "<group>";
		};
		EAADF34716413071006F573C /* Supporting Files */ = {
			isa = PBXGroup;
			children = (
				EAADF34816413071006F573C /* Hello World-Info.plist */,
				EAADF34916413071006F573C /* InfoPlist.strings */,
				EAADF34C16413071006F573C /* main.m */,
				EAADF34E16413071006F573C /* Hello World-Prefix.pch */,
			);
			name = "Supporting Files";
			sourceTree = "<group>";
		};
		EAADF36416413071006F573C /* Hello WorldTests */ = {
			isa = PBXGroup;
			children = (
				EAADF36A16413071006F573C /* Hello_WorldTests.h */,
				EAADF36B16413071006F573C /* Hello_WorldTests.m */,
				EAADF36516413071006F573C /* Supporting Files */,
			);
			path = "Hello WorldTests";
			sourceTree = "<group>";
		};
		EAADF36516413071006F573C /* Supporting Files */ = {
			isa = PBXGroup;
			children = (
				EAADF36616413071006F573C /* Hello WorldTests-Info.plist */,
				EAADF36716413071006F573C /* InfoPlist.strings */,
			);
			name = "Supporting Files";
			sourceTree = "<group>";
		};
		EAADF39816413B9B006F573C /* Support */ = {
			isa = PBXGroup;
			children = (
				EAADF3E81641B54A006F573C /* SXParticleSystem */,
				EAADF3A316413BB5006F573C /* SPOverlayView.h */,
				EAADF3A416413BB5006F573C /* SPOverlayView.m */,
				EAADF3A516413BB5006F573C /* SPResizeEvent.h */,
				EAADF3A616413BB5006F573C /* SPResizeEvent.m */,
			);
			name = Support;
			sourceTree = "<group>";
		};
		EAADF39916413BA1006F573C /* Game */ = {
			isa = PBXGroup;
			children = (
				EAADF3D01641621F006F573C /* Sprites */,
				EAADF39A16413BAC006F573C /* Game.h */,
				EAADF39B16413BAC006F573C /* Game.m */,
				EAADF39C16413BAC006F573C /* GameController.h */,
				EAADF39D16413BAC006F573C /* GameController.m */,
				EAADF39E16413BAC006F573C /* Media.h */,
				EAADF39F16413BAC006F573C /* Media.m */,
			);
			name = Game;
			sourceTree = "<group>";
		};
		EAADF3A916413F7F006F573C /* Resources */ = {
			isa = PBXGroup;
			children = (
				EAADF3AA16413F8F006F573C /* system */,
				EAADF3AB16413F96006F573C /* audio */,
				EAADF3AC16413FA5006F573C /* graphics */,
				EAADF3EF1641B5FA006F573C /* effects */,
			);
			name = Resources;
			sourceTree = "<group>";
		};
		EAADF3AA16413F8F006F573C /* system */ = {
			isa = PBXGroup;
			children = (
				EAB706F4164205A400882811 /* icon-114.png */,
				EAB706F21642059E00882811 /* icon-57.png */,
				EAB706F01642059700882811 /* icon-144.png */,
				EAB706EE1642059000882811 /* icon-72.png */,
				EAADF35216413071006F573C /* Default.png */,
				EAADF35416413071006F573C /* Default@2x.png */,
				EAADF35616413071006F573C /* Default-568h@2x.png */,
			);
			name = system;
			sourceTree = "<group>";
		};
		EAADF3AB16413F96006F573C /* audio */ = {
			isa = PBXGroup;
			children = (
				EA701F9F1647C99E005DA3E3 /* boom.caf */,
				EA701FA01647C99E005DA3E3 /* hello.caf */,
				EA701FA11647C99E005DA3E3 /* rocket.caf */,
			);
			name = audio;
			sourceTree = "<group>";
		};
		EAADF3AC16413FA5006F573C /* graphics */ = {
			isa = PBXGroup;
			children = (
				EAADF3AD16413FA9006F573C /* 1x */,
				EAADF3AE16413FAE006F573C /* 2x */,
			);
			name = graphics;
			sourceTree = "<group>";
		};
		EAADF3AD16413FA9006F573C /* 1x */ = {
			isa = PBXGroup;
			children = (
				EAADF3C416415F23006F573C /* bg-568.png */,
				EAADF3C516415F23006F573C /* bg.png */,
				EAADF3B116414250006F573C /* atlas.png */,
				EAADF3B216414250006F573C /* atlas.xml */,
			);
			name = 1x;
			sourceTree = "<group>";
		};
		EAADF3AE16413FAE006F573C /* 2x */ = {
			isa = PBXGroup;
			children = (
				EAADF3C916415F32006F573C /* bg@2x.png */,
				EAADF3CE16416117006F573C /* bg@2x~ipad.png */,
				EAADF3C816415F32006F573C /* bg-568@2x.png */,
				EAADF3B71641425E006F573C /* atlas@2x.png */,
				EAADF3B81641425E006F573C /* atlas@2x.xml */,
			);
			name = 2x;
			sourceTree = "<group>";
		};
		EAADF3D01641621F006F573C /* Sprites */ = {
			isa = PBXGroup;
			children = (
				EAADF3D816416C27006F573C /* BaseSprite.h */,
				EAADF3D916416C27006F573C /* BaseSprite.m */,
				EAADF3D116416247006F573C /* UFOSprite.h */,
				EAADF3D216416247006F573C /* UFOSprite.m */,
				EAADF3DB16416D64006F573C /* TitleSprite.h */,
				EAADF3DC16416D64006F573C /* TitleSprite.m */,
				EAADF3DE16417807006F573C /* RocketSprite.h */,
				EAADF3DF16417807006F573C /* RocketSprite.m */,
			);
			name = Sprites;
			sourceTree = "<group>";
		};
		EAADF3E81641B54A006F573C /* SXParticleSystem */ = {
			isa = PBXGroup;
			children = (
				EAADF3E91641B54A006F573C /* SXNSDataExtensions.h */,
				EAADF3EA1641B54A006F573C /* SXNSDataExtensions.m */,
				EAADF3EB1641B54A006F573C /* SXParticleSystem.h */,
				EAADF3EC1641B54A006F573C /* SXParticleSystem.m */,
			);
			path = SXParticleSystem;
			sourceTree = "<group>";
		};
		EAADF3EF1641B5FA006F573C /* effects */ = {
			isa = PBXGroup;
			children = (
				EAB706EC1641FAD100882811 /* stars.pex */,
				EAB706E91641DB5300882811 /* earth-hit.pex */,
				EAADF3F41641D4D6006F573C /* ufo-explosion.pex */,
				EAADF3F01641B5FA006F573C /* rocket-explosion.pex */,
				EAADF3F11641B5FA006F573C /* rocket-fire.pex */,
			);
			name = effects;
			path = media/effects;
			sourceTree = "<group>";
		};
/* End PBXGroup section */

/* Begin PBXNativeTarget section */
		EAADF33B16413071006F573C /* Hello World */ = {
			isa = PBXNativeTarget;
			buildConfigurationList = EAADF36F16413071006F573C /* Build configuration list for PBXNativeTarget "Hello World" */;
			buildPhases = (
				EAADF33816413071006F573C /* Sources */,
				EAADF33916413071006F573C /* Frameworks */,
				EAADF33A16413071006F573C /* Resources */,
				1C3F844F720F4C34A91C1E29 /* Copy Pods Resources */,
			);
			buildRules = (
			);
			dependencies = (
			);
			name = "Hello World";
			productName = "Hello World";
			productReference = EAADF33C16413071006F573C /* Hello World.app */;
			productType = "com.apple.product-type.application";
		};
		EAADF35C16413071006F573C /* Hello WorldTests */ = {
			isa = PBXNativeTarget;
			buildConfigurationList = EAADF37216413071006F573C /* Build configuration list for PBXNativeTarget "Hello WorldTests" */;
			buildPhases = (
				EAADF35816413071006F573C /* Sources */,
				EAADF35916413071006F573C /* Frameworks */,
				EAADF35A16413071006F573C /* Resources */,
				EAADF35B16413071006F573C /* ShellScript */,
			);
			buildRules = (
			);
			dependencies = (
				EAADF36316413071006F573C /* PBXTargetDependency */,
			);
			name = "Hello WorldTests";
			productName = "Hello WorldTests";
			productReference = EAADF35D16413071006F573C /* Hello WorldTests.octest */;
			productType = "com.apple.product-type.bundle.ocunit-test";
		};
/* End PBXNativeTarget section */

/* Begin PBXProject section */
		EAADF33316413071006F573C /* Project object */ = {
			isa = PBXProject;
			attributes = {
				LastUpgradeCheck = 0450;
				ORGANIZATIONNAME = WalmNET;
			};
			buildConfigurationList = EAADF33616413071006F573C /* Build configuration list for PBXProject "Hello World" */;
			compatibilityVersion = "Xcode 3.2";
			developmentRegion = English;
			hasScannedForEncodings = 0;
			knownRegions = (
				en,
			);
			mainGroup = EAADF33116413071006F573C;
			productRefGroup = EAADF33D16413071006F573C /* Products */;
			projectDirPath = "";
			projectRoot = "";
			targets = (
				EAADF33B16413071006F573C /* Hello World */,
				EAADF35C16413071006F573C /* Hello WorldTests */,
			);
		};
/* End PBXProject section */

/* Begin PBXResourcesBuildPhase section */
		EAADF33A16413071006F573C /* Resources */ = {
			isa = PBXResourcesBuildPhase;
			buildActionMask = 2147483647;
			files = (
				EAADF34B16413071006F573C /* InfoPlist.strings in Resources */,
				EAADF35316413071006F573C /* Default.png in Resources */,
				EAADF35516413071006F573C /* Default@2x.png in Resources */,
				EAADF35716413071006F573C /* Default-568h@2x.png in Resources */,
				EAADF3B416414250006F573C /* atlas.png in Resources */,
				EAADF3B516414250006F573C /* atlas.xml in Resources */,
				EAADF3BA1641425E006F573C /* atlas@2x.png in Resources */,
				EAADF3BB1641425E006F573C /* atlas@2x.xml in Resources */,
				EAADF3C616415F23006F573C /* bg-568.png in Resources */,
				EAADF3C716415F23006F573C /* bg.png in Resources */,
				EAADF3CB16415F32006F573C /* bg-568@2x.png in Resources */,
				EAADF3CC16415F32006F573C /* bg@2x.png in Resources */,
				EAADF3CF16416117006F573C /* bg@2x~ipad.png in Resources */,
				EAADF3F21641B5FA006F573C /* rocket-explosion.pex in Resources */,
				EAADF3F31641B5FA006F573C /* rocket-fire.pex in Resources */,
				EAADF3F51641D4D6006F573C /* ufo-explosion.pex in Resources */,
				EAB706EA1641DB5300882811 /* earth-hit.pex in Resources */,
				EAB706ED1641FAD100882811 /* stars.pex in Resources */,
				EAB706EF1642059000882811 /* icon-72.png in Resources */,
				EAB706F11642059700882811 /* icon-144.png in Resources */,
				EAB706F31642059E00882811 /* icon-57.png in Resources */,
				EAB706F5164205A400882811 /* icon-114.png in Resources */,
				EA701FA21647C99E005DA3E3 /* boom.caf in Resources */,
				EA701FA31647C99E005DA3E3 /* hello.caf in Resources */,
				EA701FA41647C99E005DA3E3 /* rocket.caf in Resources */,
			);
			runOnlyForDeploymentPostprocessing = 0;
		};
		EAADF35A16413071006F573C /* Resources */ = {
			isa = PBXResourcesBuildPhase;
			buildActionMask = 2147483647;
			files = (
				EAADF36916413071006F573C /* InfoPlist.strings in Resources */,
			);
			runOnlyForDeploymentPostprocessing = 0;
		};
/* End PBXResourcesBuildPhase section */

/* Begin PBXShellScriptBuildPhase section */
		1C3F844F720F4C34A91C1E29 /* Copy Pods Resources */ = {
			isa = PBXShellScriptBuildPhase;
			buildActionMask = 2147483647;
			files = (
			);
			inputPaths = (
			);
			name = "Copy Pods Resources";
			outputPaths = (
			);
			runOnlyForDeploymentPostprocessing = 0;
			shellPath = /bin/sh;
			shellScript = "\"${SRCROOT}/Pods/Target Support Files/Pods/Pods-resources.sh\"\n";
		};
		EAADF35B16413071006F573C /* ShellScript */ = {
			isa = PBXShellScriptBuildPhase;
			buildActionMask = 2147483647;
			files = (
			);
			inputPaths = (
			);
			outputPaths = (
			);
			runOnlyForDeploymentPostprocessing = 0;
			shellPath = /bin/sh;
			shellScript = "# Run the unit tests in this test bundle.\n\"${SYSTEM_DEVELOPER_DIR}/Tools/RunUnitTests\"\n";
		};
/* End PBXShellScriptBuildPhase section */

/* Begin PBXSourcesBuildPhase section */
		EAADF33816413071006F573C /* Sources */ = {
			isa = PBXSourcesBuildPhase;
			buildActionMask = 2147483647;
			files = (
				EAADF34D16413071006F573C /* main.m in Sources */,
				EAADF35116413071006F573C /* AppDelegate.m in Sources */,
				EAADF39616413B1C006F573C /* ViewController.m in Sources */,
				EAADF3A016413BAC006F573C /* Game.m in Sources */,
				EAADF3A116413BAC006F573C /* GameController.m in Sources */,
				EAADF3A216413BAC006F573C /* Media.m in Sources */,
				EAADF3A716413BB5006F573C /* SPOverlayView.m in Sources */,
				EAADF3A816413BB5006F573C /* SPResizeEvent.m in Sources */,
				EAADF3D316416247006F573C /* UFOSprite.m in Sources */,
				EAADF3DA16416C27006F573C /* BaseSprite.m in Sources */,
				EAADF3DD16416D64006F573C /* TitleSprite.m in Sources */,
				EAADF3E016417807006F573C /* RocketSprite.m in Sources */,
				EAADF3ED1641B54A006F573C /* SXNSDataExtensions.m in Sources */,
				EAADF3EE1641B54A006F573C /* SXParticleSystem.m in Sources */,
			);
			runOnlyForDeploymentPostprocessing = 0;
		};
		EAADF35816413071006F573C /* Sources */ = {
			isa = PBXSourcesBuildPhase;
			buildActionMask = 2147483647;
			files = (
				EAADF36C16413071006F573C /* Hello_WorldTests.m in Sources */,
			);
			runOnlyForDeploymentPostprocessing = 0;
		};
/* End PBXSourcesBuildPhase section */

/* Begin PBXTargetDependency section */
		EAADF36316413071006F573C /* PBXTargetDependency */ = {
			isa = PBXTargetDependency;
			target = EAADF33B16413071006F573C /* Hello World */;
			targetProxy = EAADF36216413071006F573C /* PBXContainerItemProxy */;
		};
/* End PBXTargetDependency section */

/* Begin PBXVariantGroup section */
		EAADF34916413071006F573C /* InfoPlist.strings */ = {
			isa = PBXVariantGroup;
			children = (
				EAADF34A16413071006F573C /* en */,
			);
			name = InfoPlist.strings;
			sourceTree = "<group>";
		};
		EAADF36716413071006F573C /* InfoPlist.strings */ = {
			isa = PBXVariantGroup;
			children = (
				EAADF36816413071006F573C /* en */,
			);
			name = InfoPlist.strings;
			sourceTree = "<group>";
		};
/* End PBXVariantGroup section */

/* Begin XCBuildConfiguration section */
		EAADF36D16413071006F573C /* Debug */ = {
			isa = XCBuildConfiguration;
			buildSettings = {
				ALWAYS_SEARCH_USER_PATHS = NO;
				CLANG_CXX_LANGUAGE_STANDARD = "gnu++0x";
				CLANG_CXX_LIBRARY = "libc++";
				CLANG_ENABLE_OBJC_ARC = YES;
				CLANG_WARN_EMPTY_BODY = YES;
				CLANG_WARN__DUPLICATE_METHOD_MATCH = YES;
				"CODE_SIGN_IDENTITY[sdk=iphoneos*]" = "iPhone Developer";
				COPY_PHASE_STRIP = NO;
				GCC_C_LANGUAGE_STANDARD = gnu99;
				GCC_DYNAMIC_NO_PIC = NO;
				GCC_OPTIMIZATION_LEVEL = 0;
				GCC_PREPROCESSOR_DEFINITIONS = (
					"DEBUG=1",
					"$(inherited)",
				);
				GCC_SYMBOLS_PRIVATE_EXTERN = NO;
				GCC_WARN_ABOUT_RETURN_TYPE = YES;
				GCC_WARN_UNINITIALIZED_AUTOS = YES;
				GCC_WARN_UNUSED_VARIABLE = YES;
				IPHONEOS_DEPLOYMENT_TARGET = 6.0;
				ONLY_ACTIVE_ARCH = YES;
				SDKROOT = iphoneos;
				TARGETED_DEVICE_FAMILY = "1,2";
			};
			name = Debug;
		};
		EAADF36E16413071006F573C /* Release */ = {
			isa = XCBuildConfiguration;
			buildSettings = {
				ALWAYS_SEARCH_USER_PATHS = NO;
				CLANG_CXX_LANGUAGE_STANDARD = "gnu++0x";
				CLANG_CXX_LIBRARY = "libc++";
				CLANG_ENABLE_OBJC_ARC = YES;
				CLANG_WARN_EMPTY_BODY = YES;
				CLANG_WARN__DUPLICATE_METHOD_MATCH = YES;
				"CODE_SIGN_IDENTITY[sdk=iphoneos*]" = "iPhone Developer";
				COPY_PHASE_STRIP = YES;
				GCC_C_LANGUAGE_STANDARD = gnu99;
				GCC_WARN_ABOUT_RETURN_TYPE = YES;
				GCC_WARN_UNINITIALIZED_AUTOS = YES;
				GCC_WARN_UNUSED_VARIABLE = YES;
				IPHONEOS_DEPLOYMENT_TARGET = 6.0;
				OTHER_CFLAGS = "-DNS_BLOCK_ASSERTIONS=1";
				SDKROOT = iphoneos;
				TARGETED_DEVICE_FAMILY = "1,2";
				VALIDATE_PRODUCT = YES;
			};
			name = Release;
		};
		EAADF37016413071006F573C /* Debug */ = {
			isa = XCBuildConfiguration;
			baseConfigurationReference = 3D47B0AF46102FBB534910DF /* Pods.debug.xcconfig */;
			buildSettings = {
				GCC_PRECOMPILE_PREFIX_HEADER = YES;
				GCC_PREFIX_HEADER = "Hello World/Hello World-Prefix.pch";
				INFOPLIST_FILE = "Hello World/Hello World-Info.plist";
				IPHONEOS_DEPLOYMENT_TARGET = 5.1;
				PRODUCT_NAME = "$(TARGET_NAME)";
				WRAPPER_EXTENSION = app;
			};
			name = Debug;
		};
		EAADF37116413071006F573C /* Release */ = {
			isa = XCBuildConfiguration;
			baseConfigurationReference = 0B14F9ABAAB255E74D3428F3 /* Pods.release.xcconfig */;
			buildSettings = {
				GCC_PRECOMPILE_PREFIX_HEADER = YES;
				GCC_PREFIX_HEADER = "Hello World/Hello World-Prefix.pch";
				INFOPLIST_FILE = "Hello World/Hello World-Info.plist";
				IPHONEOS_DEPLOYMENT_TARGET = 5.1;
				PRODUCT_NAME = "$(TARGET_NAME)";
				WRAPPER_EXTENSION = app;
			};
			name = Release;
		};
		EAADF37316413071006F573C /* Debug */ = {
			isa = XCBuildConfiguration;
			buildSettings = {
				BUNDLE_LOADER = "$(BUILT_PRODUCTS_DIR)/Hello World.app/Hello World";
				FRAMEWORK_SEARCH_PATHS = (
					"\"$(SDKROOT)/Developer/Library/Frameworks\"",
					"\"$(DEVELOPER_LIBRARY_DIR)/Frameworks\"",
				);
				GCC_PRECOMPILE_PREFIX_HEADER = YES;
				GCC_PREFIX_HEADER = "Hello World/Hello World-Prefix.pch";
				INFOPLIST_FILE = "Hello WorldTests/Hello WorldTests-Info.plist";
				PRODUCT_NAME = "$(TARGET_NAME)";
				TEST_HOST = "$(BUNDLE_LOADER)";
				WRAPPER_EXTENSION = octest;
			};
			name = Debug;
		};
		EAADF37416413071006F573C /* Release */ = {
			isa = XCBuildConfiguration;
			buildSettings = {
				BUNDLE_LOADER = "$(BUILT_PRODUCTS_DIR)/Hello World.app/Hello World";
				FRAMEWORK_SEARCH_PATHS = (
					"\"$(SDKROOT)/Developer/Library/Frameworks\"",
					"\"$(DEVELOPER_LIBRARY_DIR)/Frameworks\"",
				);
				GCC_PRECOMPILE_PREFIX_HEADER = YES;
				GCC_PREFIX_HEADER = "Hello World/Hello World-Prefix.pch";
				INFOPLIST_FILE = "Hello WorldTests/Hello WorldTests-Info.plist";
				PRODUCT_NAME = "$(TARGET_NAME)";
				TEST_HOST = "$(BUNDLE_LOADER)";
				WRAPPER_EXTENSION = octest;
			};
			name = Release;
		};
/* End XCBuildConfiguration section */

/* Begin XCConfigurationList section */
		EAADF33616413071006F573C /* Build configuration list for PBXProject "Hello World" */ = {
			isa = XCConfigurationList;
			buildConfigurations = (
				EAADF36D16413071006F573C /* Debug */,
				EAADF36E16413071006F573C /* Release */,
			);
			defaultConfigurationIsVisible = 0;
			defaultConfigurationName = Release;
		};
		EAADF36F16413071006F573C /* Build configuration list for PBXNativeTarget "Hello World" */ = {
			isa = XCConfigurationList;
			buildConfigurations = (
				EAADF37016413071006F573C /* Debug */,
				EAADF37116413071006F573C /* Release */,
			);
			defaultConfigurationIsVisible = 0;
			defaultConfigurationName = Release;
		};
		EAADF37216413071006F573C /* Build configuration list for PBXNativeTarget "Hello WorldTests" */ = {
			isa = XCConfigurationList;
			buildConfigurations = (
				EAADF37316413071006F573C /* Debug */,
				EAADF37416413071006F573C /* Release */,
			);
			defaultConfigurationIsVisible = 0;
			defaultConfigurationName = Release;
		};
/* End XCConfigurationList section */
	};
	rootObject = EAADF33316413071006F573C /* Project object */;
}
